
Microsoft Visual Studio Solution File, Format Version 12.00
# Visual Studio Version 16
VisualStudioVersion = 16.0.30011.22
MinimumVisualStudioVersion = 10.0.40219.1
Project("{FAE04EC0-301F-11D3-BF4B-00C04F79EFBC}") = "reMedica", "reMedica.csproj", "{89FDE826-B3CB-441C-82E1-DB587B0C61CF}"
EndProject
Global
	GlobalSection(SolutionConfigurationPlatforms) = preSolution
		Debug|Any CPU = Debug|Any CPU
		Release|Any CPU = Release|Any CPU
	EndGlobalSection
	GlobalSection(ProjectConfigurationPlatforms) = postSolution
		{89FDE826-B3CB-441C-82E1-DB587B0C61CF}.Debug|Any CPU.ActiveCfg = Debug|Any CPU
		{89FDE826-B3CB-441C-82E1-DB587B0C61CF}.Debug|Any CPU.Build.0 = Debug|Any CPU
		{89FDE826-B3CB-441C-82E1-DB587B0C61CF}.Release|Any CPU.ActiveCfg = Release|Any CPU
		{89FDE826-B3CB-441C-82E1-DB587B0C61CF}.Release|Any CPU.Build.0 = Release|Any CPU
	EndGlobalSection
	GlobalSection(SolutionProperties) = preSolution
		HideSolutionNode = FALSE
	EndGlobalSection
	GlobalSection(ExtensibilityGlobals) = postSolution
		SolutionGuid = {9E4193B3-45F1-4D0A-91FF-CB0D2D41F15C}
	EndGlobalSection
EndGlobal
